
Microsoft Visual Studio Solution File, Format Version 12.00
# Visual Studio 15
VisualStudioVersion = 15.0.27428.2037
MinimumVisualStudioVersion = 10.0.40219.1
Project("{FAE04EC0-301F-11D3-BF4B-00C04F79EFBC}") = "ServerTest", "ServerTest\ServerTest.csproj", "{89063DCB-FD85-436E-92A3-EA554638787B}"
EndProject
Global
	GlobalSection(SolutionConfigurationPlatforms) = preSolution
		Debug|Any CPU = Debug|Any CPU
		Release|Any CPU = Release|Any CPU
	EndGlobalSection
	GlobalSection(ProjectConfigurationPlatforms) = postSolution
		{89063DCB-FD85-436E-92A3-EA554638787B}.Debug|Any CPU.ActiveCfg = Debug|Any CPU
		{89063DCB-FD85-436E-92A3-EA554638787B}.Debug|Any CPU.Build.0 = Debug|Any CPU
		{89063DCB-FD85-436E-92A3-EA554638787B}.Release|Any CPU.ActiveCfg = Release|Any CPU
		{89063DCB-FD85-436E-92A3-EA554638787B}.Release|Any CPU.Build.0 = Release|Any CPU
	EndGlobalSection
	GlobalSection(SolutionProperties) = preSolution
		HideSolutionNode = FALSE
	EndGlobalSection
	GlobalSection(ExtensibilityGlobals) = postSolution
		SolutionGuid = {A64646FC-0726-4839-BCA2-7485C2277BA7}
	EndGlobalSection
EndGlobal
